
Microsoft Visual Studio Solution File, Format Version 12.00
# Visual Studio Version 17
VisualStudioVersion = 17.0.31903.59
MinimumVisualStudioVersion = 10.0.40219.1
Project("{FAE04EC0-301F-11D3-BF4B-00C04F79EFBC}") = "LondonStockExchangeTrades.API", "LondonStockExchangeTrades.API\LondonStockExchangeTrades.API.csproj", "{A43531B2-BFC6-4FAB-93F3-5E5C0D0C5E76}"
EndProject
Project("{FAE04EC0-301F-11D3-BF4B-00C04F79EFBC}") = "LondonStockExchangeTrades.Core", "LondonStockExchangeTrades.Core\LondonStockExchangeTrades.Core.csproj", "{EBD56939-E16E-41BE-A9DC-7AF6FF8C2667}"
EndProject
Project("{FAE04EC0-301F-11D3-BF4B-00C04F79EFBC}") = "LondonStockExchangeTrades.Domain", "LondonStockExchangeTrades.Domain\LondonStockExchangeTrades.Domain.csproj", "{E6CD7E22-4E32-4170-BD78-C830D61E9E90}"
EndProject
Project("{FAE04EC0-301F-11D3-BF4B-00C04F79EFBC}") = "LondonStockExchangeTrades.Infrastructure", "LondonStockExchangeTrades.Infrastructure\LondonStockExchangeTrades.Infrastructure.csproj", "{E73C8E64-6962-46D9-B2BF-97EA0CF57EB5}"
EndProject
Project("{2150E333-8FDC-42A3-9474-1A3956D46DE8}") = "Solution Items", "Solution Items", "{8EC462FD-D22E-90A8-E5CE-7E832BA40C5D}"
	ProjectSection(SolutionItems) = preProject
		insert_trades.ps1 = insert_trades.ps1
	EndProjectSection
EndProject
Project("{FAE04EC0-301F-11D3-BF4B-00C04F79EFBC}") = "LondonStockExchangeTrades.Tests", "LondonStockExchangeTrades.Tests\LondonStockExchangeTrades.Tests.csproj", "{0D04E8AD-9CCA-48E0-9649-2CC875BCEB2D}"
EndProject
Global
	GlobalSection(SolutionConfigurationPlatforms) = preSolution
		Debug|Any CPU = Debug|Any CPU
		Debug|x64 = Debug|x64
		Debug|x86 = Debug|x86
		Release|Any CPU = Release|Any CPU
		Release|x64 = Release|x64
		Release|x86 = Release|x86
	EndGlobalSection
	GlobalSection(ProjectConfigurationPlatforms) = postSolution
		{A43531B2-BFC6-4FAB-93F3-5E5C0D0C5E76}.Debug|Any CPU.ActiveCfg = Debug|Any CPU
		{A43531B2-BFC6-4FAB-93F3-5E5C0D0C5E76}.Debug|Any CPU.Build.0 = Debug|Any CPU
		{A43531B2-BFC6-4FAB-93F3-5E5C0D0C5E76}.Debug|x64.ActiveCfg = Debug|Any CPU
		{A43531B2-BFC6-4FAB-93F3-5E5C0D0C5E76}.Debug|x64.Build.0 = Debug|Any CPU
		{A43531B2-BFC6-4FAB-93F3-5E5C0D0C5E76}.Debug|x86.ActiveCfg = Debug|Any CPU
		{A43531B2-BFC6-4FAB-93F3-5E5C0D0C5E76}.Debug|x86.Build.0 = Debug|Any CPU
		{A43531B2-BFC6-4FAB-93F3-5E5C0D0C5E76}.Release|Any CPU.ActiveCfg = Release|Any CPU
		{A43531B2-BFC6-4FAB-93F3-5E5C0D0C5E76}.Release|Any CPU.Build.0 = Release|Any CPU
		{A43531B2-BFC6-4FAB-93F3-5E5C0D0C5E76}.Release|x64.ActiveCfg = Release|Any CPU
		{A43531B2-BFC6-4FAB-93F3-5E5C0D0C5E76}.Release|x64.Build.0 = Release|Any CPU
		{A43531B2-BFC6-4FAB-93F3-5E5C0D0C5E76}.Release|x86.ActiveCfg = Release|Any CPU
		{A43531B2-BFC6-4FAB-93F3-5E5C0D0C5E76}.Release|x86.Build.0 = Release|Any CPU
		{EBD56939-E16E-41BE-A9DC-7AF6FF8C2667}.Debug|Any CPU.ActiveCfg = Debug|Any CPU
		{EBD56939-E16E-41BE-A9DC-7AF6FF8C2667}.Debug|Any CPU.Build.0 = Debug|Any CPU
		{EBD56939-E16E-41BE-A9DC-7AF6FF8C2667}.Debug|x64.ActiveCfg = Debug|Any CPU
		{EBD56939-E16E-41BE-A9DC-7AF6FF8C2667}.Debug|x64.Build.0 = Debug|Any CPU
		{EBD56939-E16E-41BE-A9DC-7AF6FF8C2667}.Debug|x86.ActiveCfg = Debug|Any CPU
		{EBD56939-E16E-41BE-A9DC-7AF6FF8C2667}.Debug|x86.Build.0 = Debug|Any CPU
		{EBD56939-E16E-41BE-A9DC-7AF6FF8C2667}.Release|Any CPU.ActiveCfg = Release|Any CPU
		{EBD56939-E16E-41BE-A9DC-7AF6FF8C2667}.Release|Any CPU.Build.0 = Release|Any CPU
		{EBD56939-E16E-41BE-A9DC-7AF6FF8C2667}.Release|x64.ActiveCfg = Release|Any CPU
		{EBD56939-E16E-41BE-A9DC-7AF6FF8C2667}.Release|x64.Build.0 = Release|Any CPU
		{EBD56939-E16E-41BE-A9DC-7AF6FF8C2667}.Release|x86.ActiveCfg = Release|Any CPU
		{EBD56939-E16E-41BE-A9DC-7AF6FF8C2667}.Release|x86.Build.0 = Release|Any CPU
		{E6CD7E22-4E32-4170-BD78-C830D61E9E90}.Debug|Any CPU.ActiveCfg = Debug|Any CPU
		{E6CD7E22-4E32-4170-BD78-C830D61E9E90}.Debug|Any CPU.Build.0 = Debug|Any CPU
		{E6CD7E22-4E32-4170-BD78-C830D61E9E90}.Debug|x64.ActiveCfg = Debug|Any CPU
		{E6CD7E22-4E32-4170-BD78-C830D61E9E90}.Debug|x64.Build.0 = Debug|Any CPU
		{E6CD7E22-4E32-4170-BD78-C830D61E9E90}.Debug|x86.ActiveCfg = Debug|Any CPU
		{E6CD7E22-4E32-4170-BD78-C830D61E9E90}.Debug|x86.Build.0 = Debug|Any CPU
		{E6CD7E22-4E32-4170-BD78-C830D61E9E90}.Release|Any CPU.ActiveCfg = Release|Any CPU
		{E6CD7E22-4E32-4170-BD78-C830D61E9E90}.Release|Any CPU.Build.0 = Release|Any CPU
		{E6CD7E22-4E32-4170-BD78-C830D61E9E90}.Release|x64.ActiveCfg = Release|Any CPU
		{E6CD7E22-4E32-4170-BD78-C830D61E9E90}.Release|x64.Build.0 = Release|Any CPU
		{E6CD7E22-4E32-4170-BD78-C830D61E9E90}.Release|x86.ActiveCfg = Release|Any CPU
		{E6CD7E22-4E32-4170-BD78-C830D61E9E90}.Release|x86.Build.0 = Release|Any CPU
		{E73C8E64-6962-46D9-B2BF-97EA0CF57EB5}.Debug|Any CPU.ActiveCfg = Debug|Any CPU
		{E73C8E64-6962-46D9-B2BF-97EA0CF57EB5}.Debug|Any CPU.Build.0 = Debug|Any CPU
		{E73C8E64-6962-46D9-B2BF-97EA0CF57EB5}.Debug|x64.ActiveCfg = Debug|Any CPU
		{E73C8E64-6962-46D9-B2BF-97EA0CF57EB5}.Debug|x64.Build.0 = Debug|Any CPU
		{E73C8E64-6962-46D9-B2BF-97EA0CF57EB5}.Debug|x86.ActiveCfg = Debug|Any CPU
		{E73C8E64-6962-46D9-B2BF-97EA0CF57EB5}.Debug|x86.Build.0 = Debug|Any CPU
		{E73C8E64-6962-46D9-B2BF-97EA0CF57EB5}.Release|Any CPU.ActiveCfg = Release|Any CPU
		{E73C8E64-6962-46D9-B2BF-97EA0CF57EB5}.Release|Any CPU.Build.0 = Release|Any CPU
		{E73C8E64-6962-46D9-B2BF-97EA0CF57EB5}.Release|x64.ActiveCfg = Release|Any CPU
		{E73C8E64-6962-46D9-B2BF-97EA0CF57EB5}.Release|x64.Build.0 = Release|Any CPU
		{E73C8E64-6962-46D9-B2BF-97EA0CF57EB5}.Release|x86.ActiveCfg = Release|Any CPU
		{E73C8E64-6962-46D9-B2BF-97EA0CF57EB5}.Release|x86.Build.0 = Release|Any CPU
		{0D04E8AD-9CCA-48E0-9649-2CC875BCEB2D}.Debug|Any CPU.ActiveCfg = Debug|Any CPU
		{0D04E8AD-9CCA-48E0-9649-2CC875BCEB2D}.Debug|Any CPU.Build.0 = Debug|Any CPU
		{0D04E8AD-9CCA-48E0-9649-2CC875BCEB2D}.Debug|x64.ActiveCfg = Debug|Any CPU
		{0D04E8AD-9CCA-48E0-9649-2CC875BCEB2D}.Debug|x64.Build.0 = Debug|Any CPU
		{0D04E8AD-9CCA-48E0-9649-2CC875BCEB2D}.Debug|x86.ActiveCfg = Debug|Any CPU
		{0D04E8AD-9CCA-48E0-9649-2CC875BCEB2D}.Debug|x86.Build.0 = Debug|Any CPU
		{0D04E8AD-9CCA-48E0-9649-2CC875BCEB2D}.Release|Any CPU.ActiveCfg = Release|Any CPU
		{0D04E8AD-9CCA-48E0-9649-2CC875BCEB2D}.Release|Any CPU.Build.0 = Release|Any CPU
		{0D04E8AD-9CCA-48E0-9649-2CC875BCEB2D}.Release|x64.ActiveCfg = Release|Any CPU
		{0D04E8AD-9CCA-48E0-9649-2CC875BCEB2D}.Release|x64.Build.0 = Release|Any CPU
		{0D04E8AD-9CCA-48E0-9649-2CC875BCEB2D}.Release|x86.ActiveCfg = Release|Any CPU
		{0D04E8AD-9CCA-48E0-9649-2CC875BCEB2D}.Release|x86.Build.0 = Release|Any CPU
	EndGlobalSection
	GlobalSection(SolutionProperties) = preSolution
		HideSolutionNode = FALSE
	EndGlobalSection
	GlobalSection(ExtensibilityGlobals) = postSolution
		SolutionGuid = {E5B4C3C8-68A7-41A3-8895-D58B2B627E23}
	EndGlobalSection
EndGlobal
